// !$*UTF8*$!
{
	archiveVersion = 1;
	classes = {
	};
	objectVersion = 46;
	objects = {

/* Begin PBXBuildFile section */
		A540CCDA1EE01A8900C89238 /* AnimatePixImgViewController.swift in Sources */ = {isa = PBXBuildFile; fileRef = A540CCD91EE01A8900C89238 /* AnimatePixImgViewController.swift */; };
		A540CCDC1EE0228800C89238 /* GlobalFunc.swift in Sources */ = {isa = PBXBuildFile; fileRef = A540CCDB1EE0228800C89238 /* GlobalFunc.swift */; };
		A5ADF5D81EE006FE00C4BC94 /* AppDelegate.swift in Sources */ = {isa = PBXBuildFile; fileRef = A5ADF5D71EE006FE00C4BC94 /* AppDelegate.swift */; };
		A5ADF5DA1EE006FE00C4BC94 /* ViewController.swift in Sources */ = {isa = PBXBuildFile; fileRef = A5ADF5D91EE006FE00C4BC94 /* ViewController.swift */; };
		A5ADF5DD1EE006FE00C4BC94 /* Main.storyboard in Resources */ = {isa = PBXBuildFile; fileRef = A5ADF5DB1EE006FE00C4BC94 /* Main.storyboard */; };
		A5ADF5E01EE006FE00C4BC94 /* AV_WiThings.xcdatamodeld in Sources */ = {isa = PBXBuildFile; fileRef = A5ADF5DE1EE006FE00C4BC94 /* AV_WiThings.xcdatamodeld */; };
		A5ADF5E21EE006FE00C4BC94 /* Assets.xcassets in Resources */ = {isa = PBXBuildFile; fileRef = A5ADF5E11EE006FE00C4BC94 /* Assets.xcassets */; };
		A5ADF5E51EE006FE00C4BC94 /* LaunchScreen.storyboard in Resources */ = {isa = PBXBuildFile; fileRef = A5ADF5E31EE006FE00C4BC94 /* LaunchScreen.storyboard */; };
		A5ADF5EE1EE0077500C4BC94 /* APIManager.swift in Sources */ = {isa = PBXBuildFile; fileRef = A5ADF5ED1EE0077500C4BC94 /* APIManager.swift */; };
		A5ADF5F11EE00B0300C4BC94 /* PixImage.swift in Sources */ = {isa = PBXBuildFile; fileRef = A5ADF5F01EE00B0300C4BC94 /* PixImage.swift */; };
		A5ADF5F41EE0109300C4BC94 /* ListPixImgViewController.swift in Sources */ = {isa = PBXBuildFile; fileRef = A5ADF5F31EE0109300C4BC94 /* ListPixImgViewController.swift */; };
/* End PBXBuildFile section */

/* Begin PBXFileReference section */
		A540CCD91EE01A8900C89238 /* AnimatePixImgViewController.swift */ = {isa = PBXFileReference; fileEncoding = 4; lastKnownFileType = sourcecode.swift; name = AnimatePixImgViewController.swift; path = Controller/AnimatePixImgViewController.swift; sourceTree = "<group>"; };
		A540CCDB1EE0228800C89238 /* GlobalFunc.swift */ = {isa = PBXFileReference; fileEncoding = 4; lastKnownFileType = sourcecode.swift; path = GlobalFunc.swift; sourceTree = "<group>"; };
		A5ADF5D41EE006FE00C4BC94 /* AV_WiThings.app */ = {isa = PBXFileReference; explicitFileType = wrapper.application; includeInIndex = 0; path = AV_WiThings.app; sourceTree = BUILT_PRODUCTS_DIR; };
		A5ADF5D71EE006FE00C4BC94 /* AppDelegate.swift */ = {isa = PBXFileReference; lastKnownFileType = sourcecode.swift; path = AppDelegate.swift; sourceTree = "<group>"; };
		A5ADF5D91EE006FE00C4BC94 /* ViewController.swift */ = {isa = PBXFileReference; lastKnownFileType = sourcecode.swift; path = ViewController.swift; sourceTree = "<group>"; };
		A5ADF5DC1EE006FE00C4BC94 /* Base */ = {isa = PBXFileReference; lastKnownFileType = file.storyboard; name = Base; path = Base.lproj/Main.storyboard; sourceTree = "<group>"; };
		A5ADF5DF1EE006FE00C4BC94 /* AV_WiThings.xcdatamodel */ = {isa = PBXFileReference; lastKnownFileType = wrapper.xcdatamodel; path = AV_WiThings.xcdatamodel; sourceTree = "<group>"; };
		A5ADF5E11EE006FE00C4BC94 /* Assets.xcassets */ = {isa = PBXFileReference; lastKnownFileType = folder.assetcatalog; path = Assets.xcassets; sourceTree = "<group>"; };
		A5ADF5E41EE006FE00C4BC94 /* Base */ = {isa = PBXFileReference; lastKnownFileType = file.storyboard; name = Base; path = Base.lproj/LaunchScreen.storyboard; sourceTree = "<group>"; };
		A5ADF5E61EE006FE00C4BC94 /* Info.plist */ = {isa = PBXFileReference; lastKnownFileType = text.plist.xml; path = Info.plist; sourceTree = "<group>"; };
		A5ADF5ED1EE0077500C4BC94 /* APIManager.swift */ = {isa = PBXFileReference; fileEncoding = 4; lastKnownFileType = sourcecode.swift; name = APIManager.swift; path = Manager/APIManager.swift; sourceTree = "<group>"; };
		A5ADF5F01EE00B0300C4BC94 /* PixImage.swift */ = {isa = PBXFileReference; fileEncoding = 4; lastKnownFileType = sourcecode.swift; name = PixImage.swift; path = Model/PixImage.swift; sourceTree = "<group>"; };
		A5ADF5F31EE0109300C4BC94 /* ListPixImgViewController.swift */ = {isa = PBXFileReference; fileEncoding = 4; lastKnownFileType = sourcecode.swift; name = ListPixImgViewController.swift; path = Controller/ListPixImgViewController.swift; sourceTree = "<group>"; };
/* End PBXFileReference section */

/* Begin PBXFrameworksBuildPhase section */
		A5ADF5D11EE006FE00C4BC94 /* Frameworks */ = {
			isa = PBXFrameworksBuildPhase;
			buildActionMask = 2147483647;
			files = (
			);
			runOnlyForDeploymentPostprocessing = 0;
		};
/* End PBXFrameworksBuildPhase section */

/* Begin PBXGroup section */
		A5ADF5CB1EE006FE00C4BC94 = {
			isa = PBXGroup;
			children = (
				A5ADF5D61EE006FE00C4BC94 /* AV_WiThings */,
				A5ADF5D51EE006FE00C4BC94 /* Products */,
			);
			sourceTree = "<group>";
		};
		A5ADF5D51EE006FE00C4BC94 /* Products */ = {
			isa = PBXGroup;
			children = (
				A5ADF5D41EE006FE00C4BC94 /* AV_WiThings.app */,
			);
			name = Products;
			sourceTree = "<group>";
		};
		A5ADF5D61EE006FE00C4BC94 /* AV_WiThings */ = {
			isa = PBXGroup;
			children = (
				A5ADF5F21EE0107200C4BC94 /* Controller */,
				A5ADF5EF1EE00AEB00C4BC94 /* Model */,
				A5ADF5EC1EE0075700C4BC94 /* Manager */,
				A5ADF5D71EE006FE00C4BC94 /* AppDelegate.swift */,
				A540CCDB1EE0228800C89238 /* GlobalFunc.swift */,
				A5ADF5D91EE006FE00C4BC94 /* ViewController.swift */,
				A5ADF5DB1EE006FE00C4BC94 /* Main.storyboard */,
				A5ADF5E11EE006FE00C4BC94 /* Assets.xcassets */,
				A5ADF5E31EE006FE00C4BC94 /* LaunchScreen.storyboard */,
				A5ADF5E61EE006FE00C4BC94 /* Info.plist */,
				A5ADF5DE1EE006FE00C4BC94 /* AV_WiThings.xcdatamodeld */,
			);
			path = AV_WiThings;
			sourceTree = "<group>";
		};
		A5ADF5EC1EE0075700C4BC94 /* Manager */ = {
			isa = PBXGroup;
			children = (
				A5ADF5ED1EE0077500C4BC94 /* APIManager.swift */,
			);
			name = Manager;
			sourceTree = "<group>";
		};
		A5ADF5EF1EE00AEB00C4BC94 /* Model */ = {
			isa = PBXGroup;
			children = (
				A5ADF5F01EE00B0300C4BC94 /* PixImage.swift */,
			);
			name = Model;
			sourceTree = "<group>";
		};
		A5ADF5F21EE0107200C4BC94 /* Controller */ = {
			isa = PBXGroup;
			children = (
				A5ADF5F31EE0109300C4BC94 /* ListPixImgViewController.swift */,
				A540CCD91EE01A8900C89238 /* AnimatePixImgViewController.swift */,
			);
			name = Controller;
			sourceTree = "<group>";
		};
/* End PBXGroup section */

/* Begin PBXNativeTarget section */
		A5ADF5D31EE006FE00C4BC94 /* AV_WiThings */ = {
			isa = PBXNativeTarget;
			buildConfigurationList = A5ADF5E91EE006FE00C4BC94 /* Build configuration list for PBXNativeTarget "AV_WiThings" */;
			buildPhases = (
				A5ADF5D01EE006FE00C4BC94 /* Sources */,
				A5ADF5D11EE006FE00C4BC94 /* Frameworks */,
				A5ADF5D21EE006FE00C4BC94 /* Resources */,
			);
			buildRules = (
			);
			dependencies = (
			);
			name = AV_WiThings;
			productName = AV_WiThings;
			productReference = A5ADF5D41EE006FE00C4BC94 /* AV_WiThings.app */;
			productType = "com.apple.product-type.application";
		};
/* End PBXNativeTarget section */

/* Begin PBXProject section */
		A5ADF5CC1EE006FE00C4BC94 /* Project object */ = {
			isa = PBXProject;
			attributes = {
				LastSwiftUpdateCheck = 0830;
				LastUpgradeCheck = 0830;
				ORGANIZATIONNAME = "Arnaud Verrier";
				TargetAttributes = {
					A5ADF5D31EE006FE00C4BC94 = {
						CreatedOnToolsVersion = 8.3.2;
						DevelopmentTeam = DA7865XRM2;
						ProvisioningStyle = Automatic;
					};
				};
			};
			buildConfigurationList = A5ADF5CF1EE006FE00C4BC94 /* Build configuration list for PBXProject "AV_WiThings" */;
			compatibilityVersion = "Xcode 3.2";
			developmentRegion = English;
			hasScannedForEncodings = 0;
			knownRegions = (
				en,
				Base,
			);
			mainGroup = A5ADF5CB1EE006FE00C4BC94;
			productRefGroup = A5ADF5D51EE006FE00C4BC94 /* Products */;
			projectDirPath = "";
			projectRoot = "";
			targets = (
				A5ADF5D31EE006FE00C4BC94 /* AV_WiThings */,
			);
		};
/* End PBXProject section */

/* Begin PBXResourcesBuildPhase section */
		A5ADF5D21EE006FE00C4BC94 /* Resources */ = {
			isa = PBXResourcesBuildPhase;
			buildActionMask = 2147483647;
			files = (
				A5ADF5E51EE006FE00C4BC94 /* LaunchScreen.storyboard in Resources */,
				A5ADF5E21EE006FE00C4BC94 /* Assets.xcassets in Resources */,
				A5ADF5DD1EE006FE00C4BC94 /* Main.storyboard in Resources */,
			);
			runOnlyForDeploymentPostprocessing = 0;
		};
/* End PBXResourcesBuildPhase section */

/* Begin PBXSourcesBuildPhase section */
		A5ADF5D01EE006FE00C4BC94 /* Sources */ = {
			isa = PBXSourcesBuildPhase;
			buildActionMask = 2147483647;
			files = (
				A540CCDC1EE0228800C89238 /* GlobalFunc.swift in Sources */,
				A5ADF5F41EE0109300C4BC94 /* ListPixImgViewController.swift in Sources */,
				A540CCDA1EE01A8900C89238 /* AnimatePixImgViewController.swift in Sources */,
				A5ADF5F11EE00B0300C4BC94 /* PixImage.swift in Sources */,
				A5ADF5EE1EE0077500C4BC94 /* APIManager.swift in Sources */,
				A5ADF5DA1EE006FE00C4BC94 /* ViewController.swift in Sources */,
				A5ADF5D81EE006FE00C4BC94 /* AppDelegate.swift in Sources */,
				A5ADF5E01EE006FE00C4BC94 /* AV_WiThings.xcdatamodeld in Sources */,
			);
			runOnlyForDeploymentPostprocessing = 0;
		};
/* End PBXSourcesBuildPhase section */

/* Begin PBXVariantGroup section */
		A5ADF5DB1EE006FE00C4BC94 /* Main.storyboard */ = {
			isa = PBXVariantGroup;
			children = (
				A5ADF5DC1EE006FE00C4BC94 /* Base */,
			);
			name = Main.storyboard;
			sourceTree = "<group>";
		};
		A5ADF5E31EE006FE00C4BC94 /* LaunchScreen.storyboard */ = {
			isa = PBXVariantGroup;
			children = (
				A5ADF5E41EE006FE00C4BC94 /* Base */,
			);
			name = LaunchScreen.storyboard;
			sourceTree = "<group>";
		};
/* End PBXVariantGroup section */

/* Begin XCBuildConfiguration section */
		A5ADF5E71EE006FE00C4BC94 /* Debug */ = {
			isa = XCBuildConfiguration;
			buildSettings = {
				ALWAYS_SEARCH_USER_PATHS = NO;
				CLANG_ANALYZER_NONNULL = YES;
				CLANG_ANALYZER_NUMBER_OBJECT_CONVERSION = YES_AGGRESSIVE;
				CLANG_CXX_LANGUAGE_STANDARD = "gnu++0x";
				CLANG_CXX_LIBRARY = "libc++";
				CLANG_ENABLE_MODULES = YES;
				CLANG_ENABLE_OBJC_ARC = YES;
				CLANG_WARN_BOOL_CONVERSION = YES;
				CLANG_WARN_CONSTANT_CONVERSION = YES;
				CLANG_WARN_DIRECT_OBJC_ISA_USAGE = YES_ERROR;
				CLANG_WARN_DOCUMENTATION_COMMENTS = YES;
				CLANG_WARN_EMPTY_BODY = YES;
				CLANG_WARN_ENUM_CONVERSION = YES;
				CLANG_WARN_INFINITE_RECURSION = YES;
				CLANG_WARN_INT_CONVERSION = YES;
				CLANG_WARN_OBJC_ROOT_CLASS = YES_ERROR;
				CLANG_WARN_SUSPICIOUS_MOVE = YES;
				CLANG_WARN_UNREACHABLE_CODE = YES;
				CLANG_WARN__DUPLICATE_METHOD_MATCH = YES;
				"CODE_SIGN_IDENTITY[sdk=iphoneos*]" = "iPhone Developer";
				COPY_PHASE_STRIP = NO;
				DEBUG_INFORMATION_FORMAT = dwarf;
				ENABLE_STRICT_OBJC_MSGSEND = YES;
				ENABLE_TESTABILITY = YES;
				GCC_C_LANGUAGE_STANDARD = gnu99;
				GCC_DYNAMIC_NO_PIC = NO;
				GCC_NO_COMMON_BLOCKS = YES;
				GCC_OPTIMIZATION_LEVEL = 0;
				GCC_PREPROCESSOR_DEFINITIONS = (
					"DEBUG=1",
					"$(inherited)",
				);
				GCC_WARN_64_TO_32_BIT_CONVERSION = YES;
				GCC_WARN_ABOUT_RETURN_TYPE = YES_ERROR;
				GCC_WARN_UNDECLARED_SELECTOR = YES;
				GCC_WARN_UNINITIALIZED_AUTOS = YES_AGGRESSIVE;
				GCC_WARN_UNUSED_FUNCTION = YES;
				GCC_WARN_UNUSED_VARIABLE = YES;
				IPHONEOS_DEPLOYMENT_TARGET = 10.3;
				MTL_ENABLE_DEBUG_INFO = YES;
				ONLY_ACTIVE_ARCH = YES;
				SDKROOT = iphoneos;
				SWIFT_ACTIVE_COMPILATION_CONDITIONS = DEBUG;
				SWIFT_OPTIMIZATION_LEVEL = "-Onone";
			};
			name = Debug;
		};
		A5ADF5E81EE006FE00C4BC94 /* Release */ = {
			isa = XCBuildConfiguration;
			buildSettings = {
				ALWAYS_SEARCH_USER_PATHS = NO;
				CLANG_ANALYZER_NONNULL = YES;
				CLANG_ANALYZER_NUMBER_OBJECT_CONVERSION = YES_AGGRESSIVE;
				CLANG_CXX_LANGUAGE_STANDARD = "gnu++0x";
				CLANG_CXX_LIBRARY = "libc++";
				CLANG_ENABLE_MODULES = YES;
				CLANG_ENABLE_OBJC_ARC = YES;
				CLANG_WARN_BOOL_CONVERSION = YES;
				CLANG_WARN_CONSTANT_CONVERSION = YES;
				CLANG_WARN_DIRECT_OBJC_ISA_USAGE = YES_ERROR;
				CLANG_WARN_DOCUMENTATION_COMMENTS = YES;
				CLANG_WARN_EMPTY_BODY = YES;
				CLANG_WARN_ENUM_CONVERSION = YES;
				CLANG_WARN_INFINITE_RECURSION = YES;
				CLANG_WARN_INT_CONVERSION = YES;
				CLANG_WARN_OBJC_ROOT_CLASS = YES_ERROR;
				CLANG_WARN_SUSPICIOUS_MOVE = YES;
				CLANG_WARN_UNREACHABLE_CODE = YES;
				CLANG_WARN__DUPLICATE_METHOD_MATCH = YES;
				"CODE_SIGN_IDENTITY[sdk=iphoneos*]" = "iPhone Developer";
				COPY_PHASE_STRIP = NO;
				DEBUG_INFORMATION_FORMAT = "dwarf-with-dsym";
				ENABLE_NS_ASSERTIONS = NO;
				ENABLE_STRICT_OBJC_MSGSEND = YES;
				GCC_C_LANGUAGE_STANDARD = gnu99;
				GCC_NO_COMMON_BLOCKS = YES;
				GCC_WARN_64_TO_32_BIT_CONVERSION = YES;
				GCC_WARN_ABOUT_RETURN_TYPE = YES_ERROR;
				GCC_WARN_UNDECLARED_SELECTOR = YES;
				GCC_WARN_UNINITIALIZED_AUTOS = YES_AGGRESSIVE;
				GCC_WARN_UNUSED_FUNCTION = YES;
				GCC_WARN_UNUSED_VARIABLE = YES;
				IPHONEOS_DEPLOYMENT_TARGET = 10.3;
				MTL_ENABLE_DEBUG_INFO = NO;
				SDKROOT = iphoneos;
				SWIFT_OPTIMIZATION_LEVEL = "-Owholemodule";
				VALIDATE_PRODUCT = YES;
			};
			name = Release;
		};
		A5ADF5EA1EE006FE00C4BC94 /* Debug */ = {
			isa = XCBuildConfiguration;
			buildSettings = {
				ASSETCATALOG_COMPILER_APPICON_NAME = AppIcon;
				DEVELOPMENT_TEAM = DA7865XRM2;
				INFOPLIST_FILE = AV_WiThings/Info.plist;
				LD_RUNPATH_SEARCH_PATHS = "$(inherited) @executable_path/Frameworks";
				PRODUCT_BUNDLE_IDENTIFIER = "com.av.AV-WiThings";
				PRODUCT_NAME = "$(TARGET_NAME)";
				SWIFT_VERSION = 3.0;
			};
			name = Debug;
		};
		A5ADF5EB1EE006FE00C4BC94 /* Release */ = {
			isa = XCBuildConfiguration;
			buildSettings = {
				ASSETCATALOG_COMPILER_APPICON_NAME = AppIcon;
				DEVELOPMENT_TEAM = DA7865XRM2;
				INFOPLIST_FILE = AV_WiThings/Info.plist;
				LD_RUNPATH_SEARCH_PATHS = "$(inherited) @executable_path/Frameworks";
				PRODUCT_BUNDLE_IDENTIFIER = "com.av.AV-WiThings";
				PRODUCT_NAME = "$(TARGET_NAME)";
				SWIFT_VERSION = 3.0;
			};
			name = Release;
		};
/* End XCBuildConfiguration section */

/* Begin XCConfigurationList section */
		A5ADF5CF1EE006FE00C4BC94 /* Build configuration list for PBXProject "AV_WiThings" */ = {
			isa = XCConfigurationList;
			buildConfigurations = (
				A5ADF5E71EE006FE00C4BC94 /* Debug */,
				A5ADF5E81EE006FE00C4BC94 /* Release */,
			);
			defaultConfigurationIsVisible = 0;
			defaultConfigurationName = Release;
		};
		A5ADF5E91EE006FE00C4BC94 /* Build configuration list for PBXNativeTarget "AV_WiThings" */ = {
			isa = XCConfigurationList;
			buildConfigurations = (
				A5ADF5EA1EE006FE00C4BC94 /* Debug */,
				A5ADF5EB1EE006FE00C4BC94 /* Release */,
			);
			defaultConfigurationIsVisible = 0;
			defaultConfigurationName = Release;
		};
/* End XCConfigurationList section */

/* Begin XCVersionGroup section */
		A5ADF5DE1EE006FE00C4BC94 /* AV_WiThings.xcdatamodeld */ = {
			isa = XCVersionGroup;
			children = (
				A5ADF5DF1EE006FE00C4BC94 /* AV_WiThings.xcdatamodel */,
			);
			currentVersion = A5ADF5DF1EE006FE00C4BC94 /* AV_WiThings.xcdatamodel */;
			path = AV_WiThings.xcdatamodeld;
			sourceTree = "<group>";
			versionGroupType = wrapper.xcdatamodel;
		};
/* End XCVersionGroup section */
	};
	rootObject = A5ADF5CC1EE006FE00C4BC94 /* Project object */;
}
